// !$*UTF8*$!
{
	archiveVersion = 1;
	classes = {
	};
	objectVersion = 50;
	objects = {

/* Begin PBXBuildFile section */
		ED682E3E24C8A893005663EF /* AppDelegate.swift in Sources */ = {isa = PBXBuildFile; fileRef = ED682E3D24C8A893005663EF /* AppDelegate.swift */; };
		ED682E4024C8A893005663EF /* SceneDelegate.swift in Sources */ = {isa = PBXBuildFile; fileRef = ED682E3F24C8A893005663EF /* SceneDelegate.swift */; };
		ED682E4224C8A893005663EF /* ViewController.swift in Sources */ = {isa = PBXBuildFile; fileRef = ED682E4124C8A893005663EF /* ViewController.swift */; };
		ED682E4524C8A893005663EF /* Main.storyboard in Resources */ = {isa = PBXBuildFile; fileRef = ED682E4324C8A893005663EF /* Main.storyboard */; };
		ED682E4724C8A896005663EF /* Assets.xcassets in Resources */ = {isa = PBXBuildFile; fileRef = ED682E4624C8A896005663EF /* Assets.xcassets */; };
		ED682E4A24C8A896005663EF /* LaunchScreen.storyboard in Resources */ = {isa = PBXBuildFile; fileRef = ED682E4824C8A896005663EF /* LaunchScreen.storyboard */; };
		ED682E5224CB234B005663EF /* Question.swift in Sources */ = {isa = PBXBuildFile; fileRef = ED682E5124CB234B005663EF /* Question.swift */; };
		ED682E5724CB2EF5005663EF /* QuizBrain.swift in Sources */ = {isa = PBXBuildFile; fileRef = ED682E5624CB2EF5005663EF /* QuizBrain.swift */; };
/* End PBXBuildFile section */

/* Begin PBXFileReference section */
		ED682E3A24C8A893005663EF /* Quizzler.app */ = {isa = PBXFileReference; explicitFileType = wrapper.application; includeInIndex = 0; path = Quizzler.app; sourceTree = BUILT_PRODUCTS_DIR; };
		ED682E3D24C8A893005663EF /* AppDelegate.swift */ = {isa = PBXFileReference; lastKnownFileType = sourcecode.swift; path = AppDelegate.swift; sourceTree = "<group>"; };
		ED682E3F24C8A893005663EF /* SceneDelegate.swift */ = {isa = PBXFileReference; lastKnownFileType = sourcecode.swift; path = SceneDelegate.swift; sourceTree = "<group>"; };
		ED682E4124C8A893005663EF /* ViewController.swift */ = {isa = PBXFileReference; lastKnownFileType = sourcecode.swift; path = ViewController.swift; sourceTree = "<group>"; };
		ED682E4424C8A893005663EF /* Base */ = {isa = PBXFileReference; lastKnownFileType = file.storyboard; name = Base; path = Base.lproj/Main.storyboard; sourceTree = "<group>"; };
		ED682E4624C8A896005663EF /* Assets.xcassets */ = {isa = PBXFileReference; lastKnownFileType = folder.assetcatalog; path = Assets.xcassets; sourceTree = "<group>"; };
		ED682E4924C8A896005663EF /* Base */ = {isa = PBXFileReference; lastKnownFileType = file.storyboard; name = Base; path = Base.lproj/LaunchScreen.storyboard; sourceTree = "<group>"; };
		ED682E4B24C8A896005663EF /* Info.plist */ = {isa = PBXFileReference; lastKnownFileType = text.plist.xml; path = Info.plist; sourceTree = "<group>"; };
		ED682E5124CB234B005663EF /* Question.swift */ = {isa = PBXFileReference; lastKnownFileType = sourcecode.swift; path = Question.swift; sourceTree = "<group>"; };
		ED682E5624CB2EF5005663EF /* QuizBrain.swift */ = {isa = PBXFileReference; lastKnownFileType = sourcecode.swift; path = QuizBrain.swift; sourceTree = "<group>"; };
/* End PBXFileReference section */

/* Begin PBXFrameworksBuildPhase section */
		ED682E3724C8A893005663EF /* Frameworks */ = {
			isa = PBXFrameworksBuildPhase;
			buildActionMask = 2147483647;
			files = (
			);
			runOnlyForDeploymentPostprocessing = 0;
		};
/* End PBXFrameworksBuildPhase section */

/* Begin PBXGroup section */
		ED682E3124C8A893005663EF = {
			isa = PBXGroup;
			children = (
				ED682E3C24C8A893005663EF /* Quizzler */,
				ED682E3B24C8A893005663EF /* Products */,
			);
			sourceTree = "<group>";
		};
		ED682E3B24C8A893005663EF /* Products */ = {
			isa = PBXGroup;
			children = (
				ED682E3A24C8A893005663EF /* Quizzler.app */,
			);
			name = Products;
			sourceTree = "<group>";
		};
		ED682E3C24C8A893005663EF /* Quizzler */ = {
			isa = PBXGroup;
			children = (
				ED682E3D24C8A893005663EF /* AppDelegate.swift */,
				ED682E3F24C8A893005663EF /* SceneDelegate.swift */,
				ED682E5324CB2E1D005663EF /* Model */,
				ED682E5424CB2E68005663EF /* View */,
				ED682E5524CB2E79005663EF /* Controller */,
				ED682E4624C8A896005663EF /* Assets.xcassets */,
				ED682E4824C8A896005663EF /* LaunchScreen.storyboard */,
				ED682E4B24C8A896005663EF /* Info.plist */,
			);
			path = Quizzler;
			sourceTree = "<group>";
		};
		ED682E5324CB2E1D005663EF /* Model */ = {
			isa = PBXGroup;
			children = (
				ED682E5124CB234B005663EF /* Question.swift */,
				ED682E5624CB2EF5005663EF /* QuizBrain.swift */,
			);
			path = Model;
			sourceTree = "<group>";
		};
		ED682E5424CB2E68005663EF /* View */ = {
			isa = PBXGroup;
			children = (
				ED682E4324C8A893005663EF /* Main.storyboard */,
			);
			path = View;
			sourceTree = "<group>";
		};
		ED682E5524CB2E79005663EF /* Controller */ = {
			isa = PBXGroup;
			children = (
				ED682E4124C8A893005663EF /* ViewController.swift */,
			);
			path = Controller;
			sourceTree = "<group>";
		};
/* End PBXGroup section */

/* Begin PBXNativeTarget section */
		ED682E3924C8A893005663EF /* Quizzler */ = {
			isa = PBXNativeTarget;
			buildConfigurationList = ED682E4E24C8A896005663EF /* Build configuration list for PBXNativeTarget "Quizzler" */;
			buildPhases = (
				ED682E3624C8A893005663EF /* Sources */,
				ED682E3724C8A893005663EF /* Frameworks */,
				ED682E3824C8A893005663EF /* Resources */,
			);
			buildRules = (
			);
			dependencies = (
			);
			name = Quizzler;
			productName = Quizzler;
			productReference = ED682E3A24C8A893005663EF /* Quizzler.app */;
			productType = "com.apple.product-type.application";
		};
/* End PBXNativeTarget section */

/* Begin PBXProject section */
		ED682E3224C8A893005663EF /* Project object */ = {
			isa = PBXProject;
			attributes = {
				LastSwiftUpdateCheck = 1160;
				LastUpgradeCheck = 1160;
				ORGANIZATIONNAME = "Diana Agapkina";
				TargetAttributes = {
					ED682E3924C8A893005663EF = {
						CreatedOnToolsVersion = 11.6;
					};
				};
			};
			buildConfigurationList = ED682E3524C8A893005663EF /* Build configuration list for PBXProject "Quizzler" */;
			compatibilityVersion = "Xcode 9.3";
			developmentRegion = en;
			hasScannedForEncodings = 0;
			knownRegions = (
				en,
				Base,
			);
			mainGroup = ED682E3124C8A893005663EF;
			productRefGroup = ED682E3B24C8A893005663EF /* Products */;
			projectDirPath = "";
			projectRoot = "";
			targets = (
				ED682E3924C8A893005663EF /* Quizzler */,
			);
		};
/* End PBXProject section */

/* Begin PBXResourcesBuildPhase section */
		ED682E3824C8A893005663EF /* Resources */ = {
			isa = PBXResourcesBuildPhase;
			buildActionMask = 2147483647;
			files = (
				ED682E4A24C8A896005663EF /* LaunchScreen.storyboard in Resources */,
				ED682E4724C8A896005663EF /* Assets.xcassets in Resources */,
				ED682E4524C8A893005663EF /* Main.storyboard in Resources */,
			);
			runOnlyForDeploymentPostprocessing = 0;
		};
/* End PBXResourcesBuildPhase section */

/* Begin PBXSourcesBuildPhase section */
		ED682E3624C8A893005663EF /* Sources */ = {
			isa = PBXSourcesBuildPhase;
			buildActionMask = 2147483647;
			files = (
				ED682E5724CB2EF5005663EF /* QuizBrain.swift in Sources */,
				ED682E4224C8A893005663EF /* ViewController.swift in Sources */,
				ED682E5224CB234B005663EF /* Question.swift in Sources */,
				ED682E3E24C8A893005663EF /* AppDelegate.swift in Sources */,
				ED682E4024C8A893005663EF /* SceneDelegate.swift in Sources */,
			);
			runOnlyForDeploymentPostprocessing = 0;
		};
/* End PBXSourcesBuildPhase section */

/* Begin PBXVariantGroup section */
		ED682E4324C8A893005663EF /* Main.storyboard */ = {
			isa = PBXVariantGroup;
			children = (
				ED682E4424C8A893005663EF /* Base */,
			);
			name = Main.storyboard;
			sourceTree = "<group>";
		};
		ED682E4824C8A896005663EF /* LaunchScreen.storyboard */ = {
			isa = PBXVariantGroup;
			children = (
				ED682E4924C8A896005663EF /* Base */,
			);
			name = LaunchScreen.storyboard;
			sourceTree = "<group>";
		};
/* End PBXVariantGroup section */

/* Begin XCBuildConfiguration section */
		ED682E4C24C8A896005663EF /* Debug */ = {
			isa = XCBuildConfiguration;
			buildSettings = {
				ALWAYS_SEARCH_USER_PATHS = NO;
				CLANG_ANALYZER_NONNULL = YES;
				CLANG_ANALYZER_NUMBER_OBJECT_CONVERSION = YES_AGGRESSIVE;
				CLANG_CXX_LANGUAGE_STANDARD = "gnu++14";
				CLANG_CXX_LIBRARY = "libc++";
				CLANG_ENABLE_MODULES = YES;
				CLANG_ENABLE_OBJC_ARC = YES;
				CLANG_ENABLE_OBJC_WEAK = YES;
				CLANG_WARN_BLOCK_CAPTURE_AUTORELEASING = YES;
				CLANG_WARN_BOOL_CONVERSION = YES;
				CLANG_WARN_COMMA = YES;
				CLANG_WARN_CONSTANT_CONVERSION = YES;
				CLANG_WARN_DEPRECATED_OBJC_IMPLEMENTATIONS = YES;
				CLANG_WARN_DIRECT_OBJC_ISA_USAGE = YES_ERROR;
				CLANG_WARN_DOCUMENTATION_COMMENTS = YES;
				CLANG_WARN_EMPTY_BODY = YES;
				CLANG_WARN_ENUM_CONVERSION = YES;
				CLANG_WARN_INFINITE_RECURSION = YES;
				CLANG_WARN_INT_CONVERSION = YES;
				CLANG_WARN_NON_LITERAL_NULL_CONVERSION = YES;
				CLANG_WARN_OBJC_IMPLICIT_RETAIN_SELF = YES;
				CLANG_WARN_OBJC_LITERAL_CONVERSION = YES;
				CLANG_WARN_OBJC_ROOT_CLASS = YES_ERROR;
				CLANG_WARN_RANGE_LOOP_ANALYSIS = YES;
				CLANG_WARN_STRICT_PROTOTYPES = YES;
				CLANG_WARN_SUSPICIOUS_MOVE = YES;
				CLANG_WARN_UNGUARDED_AVAILABILITY = YES_AGGRESSIVE;
				CLANG_WARN_UNREACHABLE_CODE = YES;
				CLANG_WARN__DUPLICATE_METHOD_MATCH = YES;
				COPY_PHASE_STRIP = NO;
				DEBUG_INFORMATION_FORMAT = dwarf;
				ENABLE_STRICT_OBJC_MSGSEND = YES;
				ENABLE_TESTABILITY = YES;
				GCC_C_LANGUAGE_STANDARD = gnu11;
				GCC_DYNAMIC_NO_PIC = NO;
				GCC_NO_COMMON_BLOCKS = YES;
				GCC_OPTIMIZATION_LEVEL = 0;
				GCC_PREPROCESSOR_DEFINITIONS = (
					"DEBUG=1",
					"$(inherited)",
				);
				GCC_WARN_64_TO_32_BIT_CONVERSION = YES;
				GCC_WARN_ABOUT_RETURN_TYPE = YES_ERROR;
				GCC_WARN_UNDECLARED_SELECTOR = YES;
				GCC_WARN_UNINITIALIZED_AUTOS = YES_AGGRESSIVE;
				GCC_WARN_UNUSED_FUNCTION = YES;
				GCC_WARN_UNUSED_VARIABLE = YES;
				IPHONEOS_DEPLOYMENT_TARGET = 13.6;
				MTL_ENABLE_DEBUG_INFO = INCLUDE_SOURCE;
				MTL_FAST_MATH = YES;
				ONLY_ACTIVE_ARCH = YES;
				SDKROOT = iphoneos;
				SWIFT_ACTIVE_COMPILATION_CONDITIONS = DEBUG;
				SWIFT_OPTIMIZATION_LEVEL = "-Onone";
			};
			name = Debug;
		};
		ED682E4D24C8A896005663EF /* Release */ = {
			isa = XCBuildConfiguration;
			buildSettings = {
				ALWAYS_SEARCH_USER_PATHS = NO;
				CLANG_ANALYZER_NONNULL = YES;
				CLANG_ANALYZER_NUMBER_OBJECT_CONVERSION = YES_AGGRESSIVE;
				CLANG_CXX_LANGUAGE_STANDARD = "gnu++14";
				CLANG_CXX_LIBRARY = "libc++";
				CLANG_ENABLE_MODULES = YES;
				CLANG_ENABLE_OBJC_ARC = YES;
				CLANG_ENABLE_OBJC_WEAK = YES;
				CLANG_WARN_BLOCK_CAPTURE_AUTORELEASING = YES;
				CLANG_WARN_BOOL_CONVERSION = YES;
				CLANG_WARN_COMMA = YES;
				CLANG_WARN_CONSTANT_CONVERSION = YES;
				CLANG_WARN_DEPRECATED_OBJC_IMPLEMENTATIONS = YES;
				CLANG_WARN_DIRECT_OBJC_ISA_USAGE = YES_ERROR;
				CLANG_WARN_DOCUMENTATION_COMMENTS = YES;
				CLANG_WARN_EMPTY_BODY = YES;
				CLANG_WARN_ENUM_CONVERSION = YES;
				CLANG_WARN_INFINITE_RECURSION = YES;
				CLANG_WARN_INT_CONVERSION = YES;
				CLANG_WARN_NON_LITERAL_NULL_CONVERSION = YES;
				CLANG_WARN_OBJC_IMPLICIT_RETAIN_SELF = YES;
				CLANG_WARN_OBJC_LITERAL_CONVERSION = YES;
				CLANG_WARN_OBJC_ROOT_CLASS = YES_ERROR;
				CLANG_WARN_RANGE_LOOP_ANALYSIS = YES;
				CLANG_WARN_STRICT_PROTOTYPES = YES;
				CLANG_WARN_SUSPICIOUS_MOVE = YES;
				CLANG_WARN_UNGUARDED_AVAILABILITY = YES_AGGRESSIVE;
				CLANG_WARN_UNREACHABLE_CODE = YES;
				CLANG_WARN__DUPLICATE_METHOD_MATCH = YES;
				COPY_PHASE_STRIP = NO;
				DEBUG_INFORMATION_FORMAT = "dwarf-with-dsym";
				ENABLE_NS_ASSERTIONS = NO;
				ENABLE_STRICT_OBJC_MSGSEND = YES;
				GCC_C_LANGUAGE_STANDARD = gnu11;
				GCC_NO_COMMON_BLOCKS = YES;
				GCC_WARN_64_TO_32_BIT_CONVERSION = YES;
				GCC_WARN_ABOUT_RETURN_TYPE = YES_ERROR;
				GCC_WARN_UNDECLARED_SELECTOR = YES;
				GCC_WARN_UNINITIALIZED_AUTOS = YES_AGGRESSIVE;
				GCC_WARN_UNUSED_FUNCTION = YES;
				GCC_WARN_UNUSED_VARIABLE = YES;
				IPHONEOS_DEPLOYMENT_TARGET = 13.6;
				MTL_ENABLE_DEBUG_INFO = NO;
				MTL_FAST_MATH = YES;
				SDKROOT = iphoneos;
				SWIFT_COMPILATION_MODE = wholemodule;
				SWIFT_OPTIMIZATION_LEVEL = "-O";
				VALIDATE_PRODUCT = YES;
			};
			name = Release;
		};
		ED682E4F24C8A896005663EF /* Debug */ = {
			isa = XCBuildConfiguration;
			buildSettings = {
				ASSETCATALOG_COMPILER_APPICON_NAME = AppIcon;
				CODE_SIGN_STYLE = Automatic;
				DEVELOPMENT_TEAM = R29M9PZPMH;
				INFOPLIST_FILE = Quizzler/Info.plist;
				LD_RUNPATH_SEARCH_PATHS = (
					"$(inherited)",
					"@executable_path/Frameworks",
				);
				PRODUCT_BUNDLE_IDENTIFIER = com.diana.Quizzler;
				PRODUCT_NAME = "$(TARGET_NAME)";
				SWIFT_VERSION = 5.0;
				TARGETED_DEVICE_FAMILY = "1,2";
			};
			name = Debug;
		};
		ED682E5024C8A896005663EF /* Release */ = {
			isa = XCBuildConfiguration;
			buildSettings = {
				ASSETCATALOG_COMPILER_APPICON_NAME = AppIcon;
				CODE_SIGN_STYLE = Automatic;
				DEVELOPMENT_TEAM = R29M9PZPMH;
				INFOPLIST_FILE = Quizzler/Info.plist;
				LD_RUNPATH_SEARCH_PATHS = (
					"$(inherited)",
					"@executable_path/Frameworks",
				);
				PRODUCT_BUNDLE_IDENTIFIER = com.diana.Quizzler;
				PRODUCT_NAME = "$(TARGET_NAME)";
				SWIFT_VERSION = 5.0;
				TARGETED_DEVICE_FAMILY = "1,2";
			};
			name = Release;
		};
/* End XCBuildConfiguration section */

/* Begin XCConfigurationList section */
		ED682E3524C8A893005663EF /* Build configuration list for PBXProject "Quizzler" */ = {
			isa = XCConfigurationList;
			buildConfigurations = (
				ED682E4C24C8A896005663EF /* Debug */,
				ED682E4D24C8A896005663EF /* Release */,
			);
			defaultConfigurationIsVisible = 0;
			defaultConfigurationName = Release;
		};
		ED682E4E24C8A896005663EF /* Build configuration list for PBXNativeTarget "Quizzler" */ = {
			isa = XCConfigurationList;
			buildConfigurations = (
				ED682E4F24C8A896005663EF /* Debug */,
				ED682E5024C8A896005663EF /* Release */,
			);
			defaultConfigurationIsVisible = 0;
			defaultConfigurationName = Release;
		};
/* End XCConfigurationList section */
	};
	rootObject = ED682E3224C8A893005663EF /* Project object */;
}
