// !$*UTF8*$!
{
	archiveVersion = 1;
	classes = {
	};
	objectVersion = 51;
	objects = {

/* Begin PBXBuildFile section */
		D4A02608F229FEDE6C1907D0 /* Pods_Flash_iOS_Chat.framework in Frameworks */ = {isa = PBXBuildFile; fileRef = D444C469FF2F882315505D98 /* Pods_Flash_iOS_Chat.framework */; };
		ED1B215025093B2C00789323 /* GoogleService-Info.plist in Resources */ = {isa = PBXBuildFile; fileRef = ED1B214F25093B2B00789323 /* GoogleService-Info.plist */; };
		ED1B2152250A316F00789323 /* Constants.swift in Sources */ = {isa = PBXBuildFile; fileRef = ED1B2151250A316F00789323 /* Constants.swift */; };
		ED1B2154250A503100789323 /* Message.swift in Sources */ = {isa = PBXBuildFile; fileRef = ED1B2153250A503100789323 /* Message.swift */; };
		ED1B2158250A7D8200789323 /* MessageCell.swift in Sources */ = {isa = PBXBuildFile; fileRef = ED1B2156250A7D8200789323 /* MessageCell.swift */; };
		ED1B2159250A7D8200789323 /* MessageCell.xib in Resources */ = {isa = PBXBuildFile; fileRef = ED1B2157250A7D8200789323 /* MessageCell.xib */; };
		ED66D5592506AE89000408C9 /* AppDelegate.swift in Sources */ = {isa = PBXBuildFile; fileRef = ED66D5582506AE89000408C9 /* AppDelegate.swift */; };
		ED66D55B2506AE89000408C9 /* SceneDelegate.swift in Sources */ = {isa = PBXBuildFile; fileRef = ED66D55A2506AE89000408C9 /* SceneDelegate.swift */; };
		ED66D5602506AE89000408C9 /* Main.storyboard in Resources */ = {isa = PBXBuildFile; fileRef = ED66D55E2506AE89000408C9 /* Main.storyboard */; };
		ED66D5622506AE8D000408C9 /* Assets.xcassets in Resources */ = {isa = PBXBuildFile; fileRef = ED66D5612506AE8D000408C9 /* Assets.xcassets */; };
		ED66D5652506AE8D000408C9 /* LaunchScreen.storyboard in Resources */ = {isa = PBXBuildFile; fileRef = ED66D5632506AE8D000408C9 /* LaunchScreen.storyboard */; };
		ED66D5702506AFAA000408C9 /* ChatViewController.swift in Sources */ = {isa = PBXBuildFile; fileRef = ED66D56F2506AFAA000408C9 /* ChatViewController.swift */; };
		ED66D5722506AFAF000408C9 /* LoginViewController.swift in Sources */ = {isa = PBXBuildFile; fileRef = ED66D5712506AFAF000408C9 /* LoginViewController.swift */; };
		ED66D5742506AFB4000408C9 /* RegisterViewController.swift in Sources */ = {isa = PBXBuildFile; fileRef = ED66D5732506AFB4000408C9 /* RegisterViewController.swift */; };
		ED66D5762506AFBD000408C9 /* WelcomeViewController.swift in Sources */ = {isa = PBXBuildFile; fileRef = ED66D5752506AFBD000408C9 /* WelcomeViewController.swift */; };
/* End PBXBuildFile section */

/* Begin PBXFileReference section */
		3F60CD5C91D93FB4D7E6E2AB /* Pods-Flash iOS Chat.release.xcconfig */ = {isa = PBXFileReference; includeInIndex = 1; lastKnownFileType = text.xcconfig; name = "Pods-Flash iOS Chat.release.xcconfig"; path = "Target Support Files/Pods-Flash iOS Chat/Pods-Flash iOS Chat.release.xcconfig"; sourceTree = "<group>"; };
		8222C9171C6E82811D425BAC /* Pods-Flash iOS Chat.debug.xcconfig */ = {isa = PBXFileReference; includeInIndex = 1; lastKnownFileType = text.xcconfig; name = "Pods-Flash iOS Chat.debug.xcconfig"; path = "Target Support Files/Pods-Flash iOS Chat/Pods-Flash iOS Chat.debug.xcconfig"; sourceTree = "<group>"; };
		D444C469FF2F882315505D98 /* Pods_Flash_iOS_Chat.framework */ = {isa = PBXFileReference; explicitFileType = wrapper.framework; includeInIndex = 0; path = Pods_Flash_iOS_Chat.framework; sourceTree = BUILT_PRODUCTS_DIR; };
		ED1B214F25093B2B00789323 /* GoogleService-Info.plist */ = {isa = PBXFileReference; fileEncoding = 4; lastKnownFileType = text.plist.xml; path = "GoogleService-Info.plist"; sourceTree = "<group>"; };
		ED1B2151250A316F00789323 /* Constants.swift */ = {isa = PBXFileReference; lastKnownFileType = sourcecode.swift; path = Constants.swift; sourceTree = "<group>"; };
		ED1B2153250A503100789323 /* Message.swift */ = {isa = PBXFileReference; lastKnownFileType = sourcecode.swift; path = Message.swift; sourceTree = "<group>"; };
		ED1B2156250A7D8200789323 /* MessageCell.swift */ = {isa = PBXFileReference; lastKnownFileType = sourcecode.swift; path = MessageCell.swift; sourceTree = "<group>"; };
		ED1B2157250A7D8200789323 /* MessageCell.xib */ = {isa = PBXFileReference; lastKnownFileType = file.xib; path = MessageCell.xib; sourceTree = "<group>"; };
		ED66D5552506AE89000408C9 /* Flash iOS Chat.app */ = {isa = PBXFileReference; explicitFileType = wrapper.application; includeInIndex = 0; path = "Flash iOS Chat.app"; sourceTree = BUILT_PRODUCTS_DIR; };
		ED66D5582506AE89000408C9 /* AppDelegate.swift */ = {isa = PBXFileReference; lastKnownFileType = sourcecode.swift; path = AppDelegate.swift; sourceTree = "<group>"; };
		ED66D55A2506AE89000408C9 /* SceneDelegate.swift */ = {isa = PBXFileReference; lastKnownFileType = sourcecode.swift; path = SceneDelegate.swift; sourceTree = "<group>"; };
		ED66D55F2506AE89000408C9 /* Base */ = {isa = PBXFileReference; lastKnownFileType = file.storyboard; name = Base; path = Base.lproj/Main.storyboard; sourceTree = "<group>"; };
		ED66D5612506AE8D000408C9 /* Assets.xcassets */ = {isa = PBXFileReference; lastKnownFileType = folder.assetcatalog; path = Assets.xcassets; sourceTree = "<group>"; };
		ED66D5642506AE8D000408C9 /* Base */ = {isa = PBXFileReference; lastKnownFileType = file.storyboard; name = Base; path = Base.lproj/LaunchScreen.storyboard; sourceTree = "<group>"; };
		ED66D5662506AE8D000408C9 /* Info.plist */ = {isa = PBXFileReference; lastKnownFileType = text.plist.xml; path = Info.plist; sourceTree = "<group>"; };
		ED66D56F2506AFAA000408C9 /* ChatViewController.swift */ = {isa = PBXFileReference; fileEncoding = 4; lastKnownFileType = sourcecode.swift; path = ChatViewController.swift; sourceTree = "<group>"; };
		ED66D5712506AFAF000408C9 /* LoginViewController.swift */ = {isa = PBXFileReference; fileEncoding = 4; lastKnownFileType = sourcecode.swift; path = LoginViewController.swift; sourceTree = "<group>"; };
		ED66D5732506AFB4000408C9 /* RegisterViewController.swift */ = {isa = PBXFileReference; fileEncoding = 4; lastKnownFileType = sourcecode.swift; path = RegisterViewController.swift; sourceTree = "<group>"; };
		ED66D5752506AFBD000408C9 /* WelcomeViewController.swift */ = {isa = PBXFileReference; fileEncoding = 4; lastKnownFileType = sourcecode.swift; path = WelcomeViewController.swift; sourceTree = "<group>"; };
/* End PBXFileReference section */

/* Begin PBXFrameworksBuildPhase section */
		ED66D5522506AE89000408C9 /* Frameworks */ = {
			isa = PBXFrameworksBuildPhase;
			buildActionMask = 2147483647;
			files = (
				D4A02608F229FEDE6C1907D0 /* Pods_Flash_iOS_Chat.framework in Frameworks */,
			);
			runOnlyForDeploymentPostprocessing = 0;
		};
/* End PBXFrameworksBuildPhase section */

/* Begin PBXGroup section */
		3217B86D1B27C556B16C2E0E /* Frameworks */ = {
			isa = PBXGroup;
			children = (
				D444C469FF2F882315505D98 /* Pods_Flash_iOS_Chat.framework */,
			);
			name = Frameworks;
			sourceTree = "<group>";
		};
		B1C17887FAF79DC768445DFC /* Pods */ = {
			isa = PBXGroup;
			children = (
				8222C9171C6E82811D425BAC /* Pods-Flash iOS Chat.debug.xcconfig */,
				3F60CD5C91D93FB4D7E6E2AB /* Pods-Flash iOS Chat.release.xcconfig */,
			);
			path = Pods;
			sourceTree = "<group>";
		};
		ED1B2155250A503700789323 /* Model */ = {
			isa = PBXGroup;
			children = (
				ED1B2153250A503100789323 /* Message.swift */,
			);
			path = Model;
			sourceTree = "<group>";
		};
		ED66D54C2506AE89000408C9 = {
			isa = PBXGroup;
			children = (
				ED66D5572506AE89000408C9 /* Flash iOS Chat */,
				ED66D5562506AE89000408C9 /* Products */,
				B1C17887FAF79DC768445DFC /* Pods */,
				3217B86D1B27C556B16C2E0E /* Frameworks */,
			);
			sourceTree = "<group>";
		};
		ED66D5562506AE89000408C9 /* Products */ = {
			isa = PBXGroup;
			children = (
				ED66D5552506AE89000408C9 /* Flash iOS Chat.app */,
			);
			name = Products;
			sourceTree = "<group>";
		};
		ED66D5572506AE89000408C9 /* Flash iOS Chat */ = {
			isa = PBXGroup;
			children = (
				ED66D5582506AE89000408C9 /* AppDelegate.swift */,
				ED66D55A2506AE89000408C9 /* SceneDelegate.swift */,
				ED1B2155250A503700789323 /* Model */,
				ED66D56E2506AF0B000408C9 /* View */,
				ED66D5772506AFF0000408C9 /* Controller */,
				ED66D5612506AE8D000408C9 /* Assets.xcassets */,
				ED66D5632506AE8D000408C9 /* LaunchScreen.storyboard */,
				ED66D5662506AE8D000408C9 /* Info.plist */,
				ED1B214F25093B2B00789323 /* GoogleService-Info.plist */,
				ED1B2151250A316F00789323 /* Constants.swift */,
			);
			path = "Flash iOS Chat";
			sourceTree = "<group>";
		};
		ED66D56E2506AF0B000408C9 /* View */ = {
			isa = PBXGroup;
			children = (
				ED66D55E2506AE89000408C9 /* Main.storyboard */,
				ED1B2156250A7D8200789323 /* MessageCell.swift */,
				ED1B2157250A7D8200789323 /* MessageCell.xib */,
			);
			path = View;
			sourceTree = "<group>";
		};
		ED66D5772506AFF0000408C9 /* Controller */ = {
			isa = PBXGroup;
			children = (
				ED66D56F2506AFAA000408C9 /* ChatViewController.swift */,
				ED66D5712506AFAF000408C9 /* LoginViewController.swift */,
				ED66D5752506AFBD000408C9 /* WelcomeViewController.swift */,
				ED66D5732506AFB4000408C9 /* RegisterViewController.swift */,
			);
			path = Controller;
			sourceTree = "<group>";
		};
/* End PBXGroup section */

/* Begin PBXNativeTarget section */
		ED66D5542506AE89000408C9 /* Flash iOS Chat */ = {
			isa = PBXNativeTarget;
			buildConfigurationList = ED66D5692506AE8D000408C9 /* Build configuration list for PBXNativeTarget "Flash iOS Chat" */;
			buildPhases = (
				1C7ABA274B46F62063F0ECCE /* [CP] Check Pods Manifest.lock */,
				ED66D5512506AE89000408C9 /* Sources */,
				ED66D5522506AE89000408C9 /* Frameworks */,
				ED66D5532506AE89000408C9 /* Resources */,
				8D3D732435ABA70E98EF47AC /* [CP] Embed Pods Frameworks */,
			);
			buildRules = (
			);
			dependencies = (
			);
			name = "Flash iOS Chat";
			productName = "Flash iOS Chat";
			productReference = ED66D5552506AE89000408C9 /* Flash iOS Chat.app */;
			productType = "com.apple.product-type.application";
		};
/* End PBXNativeTarget section */

/* Begin PBXProject section */
		ED66D54D2506AE89000408C9 /* Project object */ = {
			isa = PBXProject;
			attributes = {
				LastSwiftUpdateCheck = 1160;
				LastUpgradeCheck = 1160;
				ORGANIZATIONNAME = "Diana Agapkina";
				TargetAttributes = {
					ED66D5542506AE89000408C9 = {
						CreatedOnToolsVersion = 11.6;
					};
				};
			};
			buildConfigurationList = ED66D5502506AE89000408C9 /* Build configuration list for PBXProject "Flash iOS Chat" */;
			compatibilityVersion = "Xcode 9.3";
			developmentRegion = en;
			hasScannedForEncodings = 0;
			knownRegions = (
				en,
				Base,
			);
			mainGroup = ED66D54C2506AE89000408C9;
			productRefGroup = ED66D5562506AE89000408C9 /* Products */;
			projectDirPath = "";
			projectRoot = "";
			targets = (
				ED66D5542506AE89000408C9 /* Flash iOS Chat */,
			);
		};
/* End PBXProject section */

/* Begin PBXResourcesBuildPhase section */
		ED66D5532506AE89000408C9 /* Resources */ = {
			isa = PBXResourcesBuildPhase;
			buildActionMask = 2147483647;
			files = (
				ED1B2159250A7D8200789323 /* MessageCell.xib in Resources */,
				ED66D5652506AE8D000408C9 /* LaunchScreen.storyboard in Resources */,
				ED1B215025093B2C00789323 /* GoogleService-Info.plist in Resources */,
				ED66D5622506AE8D000408C9 /* Assets.xcassets in Resources */,
				ED66D5602506AE89000408C9 /* Main.storyboard in Resources */,
			);
			runOnlyForDeploymentPostprocessing = 0;
		};
/* End PBXResourcesBuildPhase section */

/* Begin PBXShellScriptBuildPhase section */
		1C7ABA274B46F62063F0ECCE /* [CP] Check Pods Manifest.lock */ = {
			isa = PBXShellScriptBuildPhase;
			buildActionMask = 2147483647;
			files = (
			);
			inputFileListPaths = (
			);
			inputPaths = (
				"${PODS_PODFILE_DIR_PATH}/Podfile.lock",
				"${PODS_ROOT}/Manifest.lock",
			);
			name = "[CP] Check Pods Manifest.lock";
			outputFileListPaths = (
			);
			outputPaths = (
				"$(DERIVED_FILE_DIR)/Pods-Flash iOS Chat-checkManifestLockResult.txt",
			);
			runOnlyForDeploymentPostprocessing = 0;
			shellPath = /bin/sh;
			shellScript = "diff \"${PODS_PODFILE_DIR_PATH}/Podfile.lock\" \"${PODS_ROOT}/Manifest.lock\" > /dev/null\nif [ $? != 0 ] ; then\n    # print error to STDERR\n    echo \"error: The sandbox is not in sync with the Podfile.lock. Run 'pod install' or update your CocoaPods installation.\" >&2\n    exit 1\nfi\n# This output is used by Xcode 'outputs' to avoid re-running this script phase.\necho \"SUCCESS\" > \"${SCRIPT_OUTPUT_FILE_0}\"\n";
			showEnvVarsInLog = 0;
		};
		8D3D732435ABA70E98EF47AC /* [CP] Embed Pods Frameworks */ = {
			isa = PBXShellScriptBuildPhase;
			buildActionMask = 2147483647;
			files = (
			);
			inputFileListPaths = (
				"${PODS_ROOT}/Target Support Files/Pods-Flash iOS Chat/Pods-Flash iOS Chat-frameworks-${CONFIGURATION}-input-files.xcfilelist",
			);
			name = "[CP] Embed Pods Frameworks";
			outputFileListPaths = (
				"${PODS_ROOT}/Target Support Files/Pods-Flash iOS Chat/Pods-Flash iOS Chat-frameworks-${CONFIGURATION}-output-files.xcfilelist",
			);
			runOnlyForDeploymentPostprocessing = 0;
			shellPath = /bin/sh;
			shellScript = "\"${PODS_ROOT}/Target Support Files/Pods-Flash iOS Chat/Pods-Flash iOS Chat-frameworks.sh\"\n";
			showEnvVarsInLog = 0;
		};
/* End PBXShellScriptBuildPhase section */

/* Begin PBXSourcesBuildPhase section */
		ED66D5512506AE89000408C9 /* Sources */ = {
			isa = PBXSourcesBuildPhase;
			buildActionMask = 2147483647;
			files = (
				ED66D5722506AFAF000408C9 /* LoginViewController.swift in Sources */,
				ED66D5742506AFB4000408C9 /* RegisterViewController.swift in Sources */,
				ED66D5592506AE89000408C9 /* AppDelegate.swift in Sources */,
				ED66D5762506AFBD000408C9 /* WelcomeViewController.swift in Sources */,
				ED1B2152250A316F00789323 /* Constants.swift in Sources */,
				ED1B2154250A503100789323 /* Message.swift in Sources */,
				ED66D5702506AFAA000408C9 /* ChatViewController.swift in Sources */,
				ED66D55B2506AE89000408C9 /* SceneDelegate.swift in Sources */,
				ED1B2158250A7D8200789323 /* MessageCell.swift in Sources */,
			);
			runOnlyForDeploymentPostprocessing = 0;
		};
/* End PBXSourcesBuildPhase section */

/* Begin PBXVariantGroup section */
		ED66D55E2506AE89000408C9 /* Main.storyboard */ = {
			isa = PBXVariantGroup;
			children = (
				ED66D55F2506AE89000408C9 /* Base */,
			);
			name = Main.storyboard;
			sourceTree = "<group>";
		};
		ED66D5632506AE8D000408C9 /* LaunchScreen.storyboard */ = {
			isa = PBXVariantGroup;
			children = (
				ED66D5642506AE8D000408C9 /* Base */,
			);
			name = LaunchScreen.storyboard;
			sourceTree = "<group>";
		};
/* End PBXVariantGroup section */

/* Begin XCBuildConfiguration section */
		ED66D5672506AE8D000408C9 /* Debug */ = {
			isa = XCBuildConfiguration;
			buildSettings = {
				ALWAYS_SEARCH_USER_PATHS = NO;
				CLANG_ANALYZER_NONNULL = YES;
				CLANG_ANALYZER_NUMBER_OBJECT_CONVERSION = YES_AGGRESSIVE;
				CLANG_CXX_LANGUAGE_STANDARD = "gnu++14";
				CLANG_CXX_LIBRARY = "libc++";
				CLANG_ENABLE_MODULES = YES;
				CLANG_ENABLE_OBJC_ARC = YES;
				CLANG_ENABLE_OBJC_WEAK = YES;
				CLANG_WARN_BLOCK_CAPTURE_AUTORELEASING = YES;
				CLANG_WARN_BOOL_CONVERSION = YES;
				CLANG_WARN_COMMA = YES;
				CLANG_WARN_CONSTANT_CONVERSION = YES;
				CLANG_WARN_DEPRECATED_OBJC_IMPLEMENTATIONS = YES;
				CLANG_WARN_DIRECT_OBJC_ISA_USAGE = YES_ERROR;
				CLANG_WARN_DOCUMENTATION_COMMENTS = YES;
				CLANG_WARN_EMPTY_BODY = YES;
				CLANG_WARN_ENUM_CONVERSION = YES;
				CLANG_WARN_INFINITE_RECURSION = YES;
				CLANG_WARN_INT_CONVERSION = YES;
				CLANG_WARN_NON_LITERAL_NULL_CONVERSION = YES;
				CLANG_WARN_OBJC_IMPLICIT_RETAIN_SELF = YES;
				CLANG_WARN_OBJC_LITERAL_CONVERSION = YES;
				CLANG_WARN_OBJC_ROOT_CLASS = YES_ERROR;
				CLANG_WARN_RANGE_LOOP_ANALYSIS = YES;
				CLANG_WARN_STRICT_PROTOTYPES = YES;
				CLANG_WARN_SUSPICIOUS_MOVE = YES;
				CLANG_WARN_UNGUARDED_AVAILABILITY = YES_AGGRESSIVE;
				CLANG_WARN_UNREACHABLE_CODE = YES;
				CLANG_WARN__DUPLICATE_METHOD_MATCH = YES;
				COPY_PHASE_STRIP = NO;
				DEBUG_INFORMATION_FORMAT = dwarf;
				ENABLE_STRICT_OBJC_MSGSEND = YES;
				ENABLE_TESTABILITY = YES;
				GCC_C_LANGUAGE_STANDARD = gnu11;
				GCC_DYNAMIC_NO_PIC = NO;
				GCC_NO_COMMON_BLOCKS = YES;
				GCC_OPTIMIZATION_LEVEL = 0;
				GCC_PREPROCESSOR_DEFINITIONS = (
					"DEBUG=1",
					"$(inherited)",
				);
				GCC_WARN_64_TO_32_BIT_CONVERSION = YES;
				GCC_WARN_ABOUT_RETURN_TYPE = YES_ERROR;
				GCC_WARN_UNDECLARED_SELECTOR = YES;
				GCC_WARN_UNINITIALIZED_AUTOS = YES_AGGRESSIVE;
				GCC_WARN_UNUSED_FUNCTION = YES;
				GCC_WARN_UNUSED_VARIABLE = YES;
				IPHONEOS_DEPLOYMENT_TARGET = 13.6;
				MTL_ENABLE_DEBUG_INFO = INCLUDE_SOURCE;
				MTL_FAST_MATH = YES;
				ONLY_ACTIVE_ARCH = YES;
				SDKROOT = iphoneos;
				SWIFT_ACTIVE_COMPILATION_CONDITIONS = DEBUG;
				SWIFT_OPTIMIZATION_LEVEL = "-Onone";
			};
			name = Debug;
		};
		ED66D5682506AE8D000408C9 /* Release */ = {
			isa = XCBuildConfiguration;
			buildSettings = {
				ALWAYS_SEARCH_USER_PATHS = NO;
				CLANG_ANALYZER_NONNULL = YES;
				CLANG_ANALYZER_NUMBER_OBJECT_CONVERSION = YES_AGGRESSIVE;
				CLANG_CXX_LANGUAGE_STANDARD = "gnu++14";
				CLANG_CXX_LIBRARY = "libc++";
				CLANG_ENABLE_MODULES = YES;
				CLANG_ENABLE_OBJC_ARC = YES;
				CLANG_ENABLE_OBJC_WEAK = YES;
				CLANG_WARN_BLOCK_CAPTURE_AUTORELEASING = YES;
				CLANG_WARN_BOOL_CONVERSION = YES;
				CLANG_WARN_COMMA = YES;
				CLANG_WARN_CONSTANT_CONVERSION = YES;
				CLANG_WARN_DEPRECATED_OBJC_IMPLEMENTATIONS = YES;
				CLANG_WARN_DIRECT_OBJC_ISA_USAGE = YES_ERROR;
				CLANG_WARN_DOCUMENTATION_COMMENTS = YES;
				CLANG_WARN_EMPTY_BODY = YES;
				CLANG_WARN_ENUM_CONVERSION = YES;
				CLANG_WARN_INFINITE_RECURSION = YES;
				CLANG_WARN_INT_CONVERSION = YES;
				CLANG_WARN_NON_LITERAL_NULL_CONVERSION = YES;
				CLANG_WARN_OBJC_IMPLICIT_RETAIN_SELF = YES;
				CLANG_WARN_OBJC_LITERAL_CONVERSION = YES;
				CLANG_WARN_OBJC_ROOT_CLASS = YES_ERROR;
				CLANG_WARN_RANGE_LOOP_ANALYSIS = YES;
				CLANG_WARN_STRICT_PROTOTYPES = YES;
				CLANG_WARN_SUSPICIOUS_MOVE = YES;
				CLANG_WARN_UNGUARDED_AVAILABILITY = YES_AGGRESSIVE;
				CLANG_WARN_UNREACHABLE_CODE = YES;
				CLANG_WARN__DUPLICATE_METHOD_MATCH = YES;
				COPY_PHASE_STRIP = NO;
				DEBUG_INFORMATION_FORMAT = "dwarf-with-dsym";
				ENABLE_NS_ASSERTIONS = NO;
				ENABLE_STRICT_OBJC_MSGSEND = YES;
				GCC_C_LANGUAGE_STANDARD = gnu11;
				GCC_NO_COMMON_BLOCKS = YES;
				GCC_WARN_64_TO_32_BIT_CONVERSION = YES;
				GCC_WARN_ABOUT_RETURN_TYPE = YES_ERROR;
				GCC_WARN_UNDECLARED_SELECTOR = YES;
				GCC_WARN_UNINITIALIZED_AUTOS = YES_AGGRESSIVE;
				GCC_WARN_UNUSED_FUNCTION = YES;
				GCC_WARN_UNUSED_VARIABLE = YES;
				IPHONEOS_DEPLOYMENT_TARGET = 13.6;
				MTL_ENABLE_DEBUG_INFO = NO;
				MTL_FAST_MATH = YES;
				SDKROOT = iphoneos;
				SWIFT_COMPILATION_MODE = wholemodule;
				SWIFT_OPTIMIZATION_LEVEL = "-O";
				VALIDATE_PRODUCT = YES;
			};
			name = Release;
		};
		ED66D56A2506AE8D000408C9 /* Debug */ = {
			isa = XCBuildConfiguration;
			baseConfigurationReference = 8222C9171C6E82811D425BAC /* Pods-Flash iOS Chat.debug.xcconfig */;
			buildSettings = {
				ASSETCATALOG_COMPILER_APPICON_NAME = AppIcon;
				CODE_SIGN_STYLE = Automatic;
				DEVELOPMENT_TEAM = R29M9PZPMH;
				INFOPLIST_FILE = "Flash iOS Chat/Info.plist";
				LD_RUNPATH_SEARCH_PATHS = (
					"$(inherited)",
					"@executable_path/Frameworks",
				);
				PRODUCT_BUNDLE_IDENTIFIER = "com.diana.Flash-iOS-Chat";
				PRODUCT_NAME = "$(TARGET_NAME)";
				SWIFT_VERSION = 5.0;
				TARGETED_DEVICE_FAMILY = "1,2";
			};
			name = Debug;
		};
		ED66D56B2506AE8D000408C9 /* Release */ = {
			isa = XCBuildConfiguration;
			baseConfigurationReference = 3F60CD5C91D93FB4D7E6E2AB /* Pods-Flash iOS Chat.release.xcconfig */;
			buildSettings = {
				ASSETCATALOG_COMPILER_APPICON_NAME = AppIcon;
				CODE_SIGN_STYLE = Automatic;
				DEVELOPMENT_TEAM = R29M9PZPMH;
				INFOPLIST_FILE = "Flash iOS Chat/Info.plist";
				LD_RUNPATH_SEARCH_PATHS = (
					"$(inherited)",
					"@executable_path/Frameworks",
				);
				PRODUCT_BUNDLE_IDENTIFIER = "com.diana.Flash-iOS-Chat";
				PRODUCT_NAME = "$(TARGET_NAME)";
				SWIFT_VERSION = 5.0;
				TARGETED_DEVICE_FAMILY = "1,2";
			};
			name = Release;
		};
/* End XCBuildConfiguration section */

/* Begin XCConfigurationList section */
		ED66D5502506AE89000408C9 /* Build configuration list for PBXProject "Flash iOS Chat" */ = {
			isa = XCConfigurationList;
			buildConfigurations = (
				ED66D5672506AE8D000408C9 /* Debug */,
				ED66D5682506AE8D000408C9 /* Release */,
			);
			defaultConfigurationIsVisible = 0;
			defaultConfigurationName = Release;
		};
		ED66D5692506AE8D000408C9 /* Build configuration list for PBXNativeTarget "Flash iOS Chat" */ = {
			isa = XCConfigurationList;
			buildConfigurations = (
				ED66D56A2506AE8D000408C9 /* Debug */,
				ED66D56B2506AE8D000408C9 /* Release */,
			);
			defaultConfigurationIsVisible = 0;
			defaultConfigurationName = Release;
		};
/* End XCConfigurationList section */
	};
	rootObject = ED66D54D2506AE89000408C9 /* Project object */;
}
