// !$*UTF8*$!
{
	archiveVersion = 1;
	classes = {
	};
	objectVersion = 50;
	objects = {

/* Begin PBXBuildFile section */
		ED6E1C15250615C700A1C4EB /* AppDelegate.swift in Sources */ = {isa = PBXBuildFile; fileRef = ED6E1C14250615C700A1C4EB /* AppDelegate.swift */; };
		ED6E1C17250615C700A1C4EB /* SceneDelegate.swift in Sources */ = {isa = PBXBuildFile; fileRef = ED6E1C16250615C700A1C4EB /* SceneDelegate.swift */; };
		ED6E1C1C250615C700A1C4EB /* Main.storyboard in Resources */ = {isa = PBXBuildFile; fileRef = ED6E1C1A250615C700A1C4EB /* Main.storyboard */; };
		ED6E1C1E250615CB00A1C4EB /* Assets.xcassets in Resources */ = {isa = PBXBuildFile; fileRef = ED6E1C1D250615CB00A1C4EB /* Assets.xcassets */; };
		ED6E1C21250615CB00A1C4EB /* LaunchScreen.storyboard in Resources */ = {isa = PBXBuildFile; fileRef = ED6E1C1F250615CB00A1C4EB /* LaunchScreen.storyboard */; };
		ED6E1C34250616F900A1C4EB /* RegisterViewController.swift in Sources */ = {isa = PBXBuildFile; fileRef = ED6E1C30250616F900A1C4EB /* RegisterViewController.swift */; };
		ED6E1C35250616F900A1C4EB /* WelcomeViewController.swift in Sources */ = {isa = PBXBuildFile; fileRef = ED6E1C31250616F900A1C4EB /* WelcomeViewController.swift */; };
		ED6E1C36250616F900A1C4EB /* LoginViewController.swift in Sources */ = {isa = PBXBuildFile; fileRef = ED6E1C32250616F900A1C4EB /* LoginViewController.swift */; };
		ED6E1C37250616F900A1C4EB /* ChatViewController.swift in Sources */ = {isa = PBXBuildFile; fileRef = ED6E1C33250616F900A1C4EB /* ChatViewController.swift */; };
/* End PBXBuildFile section */

/* Begin PBXFileReference section */
		ED6E1C11250615C700A1C4EB /* Flash iOS Chat.app */ = {isa = PBXFileReference; explicitFileType = wrapper.application; includeInIndex = 0; path = "Flash iOS Chat.app"; sourceTree = BUILT_PRODUCTS_DIR; };
		ED6E1C14250615C700A1C4EB /* AppDelegate.swift */ = {isa = PBXFileReference; lastKnownFileType = sourcecode.swift; path = AppDelegate.swift; sourceTree = "<group>"; };
		ED6E1C16250615C700A1C4EB /* SceneDelegate.swift */ = {isa = PBXFileReference; lastKnownFileType = sourcecode.swift; path = SceneDelegate.swift; sourceTree = "<group>"; };
		ED6E1C1B250615C700A1C4EB /* Base */ = {isa = PBXFileReference; lastKnownFileType = file.storyboard; name = Base; path = Base.lproj/Main.storyboard; sourceTree = "<group>"; };
		ED6E1C1D250615CB00A1C4EB /* Assets.xcassets */ = {isa = PBXFileReference; lastKnownFileType = folder.assetcatalog; path = Assets.xcassets; sourceTree = "<group>"; };
		ED6E1C20250615CB00A1C4EB /* Base */ = {isa = PBXFileReference; lastKnownFileType = file.storyboard; name = Base; path = Base.lproj/LaunchScreen.storyboard; sourceTree = "<group>"; };
		ED6E1C22250615CB00A1C4EB /* Info.plist */ = {isa = PBXFileReference; lastKnownFileType = text.plist.xml; path = Info.plist; sourceTree = "<group>"; };
		ED6E1C30250616F900A1C4EB /* RegisterViewController.swift */ = {isa = PBXFileReference; fileEncoding = 4; lastKnownFileType = sourcecode.swift; path = RegisterViewController.swift; sourceTree = "<group>"; };
		ED6E1C31250616F900A1C4EB /* WelcomeViewController.swift */ = {isa = PBXFileReference; fileEncoding = 4; lastKnownFileType = sourcecode.swift; path = WelcomeViewController.swift; sourceTree = "<group>"; };
		ED6E1C32250616F900A1C4EB /* LoginViewController.swift */ = {isa = PBXFileReference; fileEncoding = 4; lastKnownFileType = sourcecode.swift; path = LoginViewController.swift; sourceTree = "<group>"; };
		ED6E1C33250616F900A1C4EB /* ChatViewController.swift */ = {isa = PBXFileReference; fileEncoding = 4; lastKnownFileType = sourcecode.swift; path = ChatViewController.swift; sourceTree = "<group>"; };
/* End PBXFileReference section */

/* Begin PBXFrameworksBuildPhase section */
		ED6E1C0E250615C700A1C4EB /* Frameworks */ = {
			isa = PBXFrameworksBuildPhase;
			buildActionMask = 2147483647;
			files = (
			);
			runOnlyForDeploymentPostprocessing = 0;
		};
/* End PBXFrameworksBuildPhase section */

/* Begin PBXGroup section */
		ED6E1C08250615C700A1C4EB = {
			isa = PBXGroup;
			children = (
				ED6E1C13250615C700A1C4EB /* Flash iOS Chat */,
				ED6E1C12250615C700A1C4EB /* Products */,
			);
			sourceTree = "<group>";
		};
		ED6E1C12250615C700A1C4EB /* Products */ = {
			isa = PBXGroup;
			children = (
				ED6E1C11250615C700A1C4EB /* Flash iOS Chat.app */,
			);
			name = Products;
			sourceTree = "<group>";
		};
		ED6E1C13250615C700A1C4EB /* Flash iOS Chat */ = {
			isa = PBXGroup;
			children = (
				ED6E1C14250615C700A1C4EB /* AppDelegate.swift */,
				ED6E1C16250615C700A1C4EB /* SceneDelegate.swift */,
				ED6E1C382506173A00A1C4EB /* View */,
				ED6E1C392506174800A1C4EB /* Controller */,
				ED6E1C1D250615CB00A1C4EB /* Assets.xcassets */,
				ED6E1C1F250615CB00A1C4EB /* LaunchScreen.storyboard */,
				ED6E1C22250615CB00A1C4EB /* Info.plist */,
			);
			path = "Flash iOS Chat";
			sourceTree = "<group>";
		};
		ED6E1C382506173A00A1C4EB /* View */ = {
			isa = PBXGroup;
			children = (
				ED6E1C1A250615C700A1C4EB /* Main.storyboard */,
			);
			path = View;
			sourceTree = "<group>";
		};
		ED6E1C392506174800A1C4EB /* Controller */ = {
			isa = PBXGroup;
			children = (
				ED6E1C33250616F900A1C4EB /* ChatViewController.swift */,
				ED6E1C32250616F900A1C4EB /* LoginViewController.swift */,
				ED6E1C30250616F900A1C4EB /* RegisterViewController.swift */,
				ED6E1C31250616F900A1C4EB /* WelcomeViewController.swift */,
			);
			path = Controller;
			sourceTree = "<group>";
		};
/* End PBXGroup section */

/* Begin PBXNativeTarget section */
		ED6E1C10250615C700A1C4EB /* Flash iOS Chat */ = {
			isa = PBXNativeTarget;
			buildConfigurationList = ED6E1C25250615CB00A1C4EB /* Build configuration list for PBXNativeTarget "Flash iOS Chat" */;
			buildPhases = (
				ED6E1C0D250615C700A1C4EB /* Sources */,
				ED6E1C0E250615C700A1C4EB /* Frameworks */,
				ED6E1C0F250615C700A1C4EB /* Resources */,
			);
			buildRules = (
			);
			dependencies = (
			);
			name = "Flash iOS Chat";
			productName = "Flash iOS Chat";
			productReference = ED6E1C11250615C700A1C4EB /* Flash iOS Chat.app */;
			productType = "com.apple.product-type.application";
		};
/* End PBXNativeTarget section */

/* Begin PBXProject section */
		ED6E1C09250615C700A1C4EB /* Project object */ = {
			isa = PBXProject;
			attributes = {
				LastSwiftUpdateCheck = 1160;
				LastUpgradeCheck = 1160;
				ORGANIZATIONNAME = "Diana Agapkina";
				TargetAttributes = {
					ED6E1C10250615C700A1C4EB = {
						CreatedOnToolsVersion = 11.6;
					};
				};
			};
			buildConfigurationList = ED6E1C0C250615C700A1C4EB /* Build configuration list for PBXProject "Flash iOS Chat" */;
			compatibilityVersion = "Xcode 9.3";
			developmentRegion = en;
			hasScannedForEncodings = 0;
			knownRegions = (
				en,
				Base,
			);
			mainGroup = ED6E1C08250615C700A1C4EB;
			productRefGroup = ED6E1C12250615C700A1C4EB /* Products */;
			projectDirPath = "";
			projectRoot = "";
			targets = (
				ED6E1C10250615C700A1C4EB /* Flash iOS Chat */,
			);
		};
/* End PBXProject section */

/* Begin PBXResourcesBuildPhase section */
		ED6E1C0F250615C700A1C4EB /* Resources */ = {
			isa = PBXResourcesBuildPhase;
			buildActionMask = 2147483647;
			files = (
				ED6E1C21250615CB00A1C4EB /* LaunchScreen.storyboard in Resources */,
				ED6E1C1E250615CB00A1C4EB /* Assets.xcassets in Resources */,
				ED6E1C1C250615C700A1C4EB /* Main.storyboard in Resources */,
			);
			runOnlyForDeploymentPostprocessing = 0;
		};
/* End PBXResourcesBuildPhase section */

/* Begin PBXSourcesBuildPhase section */
		ED6E1C0D250615C700A1C4EB /* Sources */ = {
			isa = PBXSourcesBuildPhase;
			buildActionMask = 2147483647;
			files = (
				ED6E1C34250616F900A1C4EB /* RegisterViewController.swift in Sources */,
				ED6E1C35250616F900A1C4EB /* WelcomeViewController.swift in Sources */,
				ED6E1C15250615C700A1C4EB /* AppDelegate.swift in Sources */,
				ED6E1C36250616F900A1C4EB /* LoginViewController.swift in Sources */,
				ED6E1C37250616F900A1C4EB /* ChatViewController.swift in Sources */,
				ED6E1C17250615C700A1C4EB /* SceneDelegate.swift in Sources */,
			);
			runOnlyForDeploymentPostprocessing = 0;
		};
/* End PBXSourcesBuildPhase section */

/* Begin PBXVariantGroup section */
		ED6E1C1A250615C700A1C4EB /* Main.storyboard */ = {
			isa = PBXVariantGroup;
			children = (
				ED6E1C1B250615C700A1C4EB /* Base */,
			);
			name = Main.storyboard;
			sourceTree = "<group>";
		};
		ED6E1C1F250615CB00A1C4EB /* LaunchScreen.storyboard */ = {
			isa = PBXVariantGroup;
			children = (
				ED6E1C20250615CB00A1C4EB /* Base */,
			);
			name = LaunchScreen.storyboard;
			sourceTree = "<group>";
		};
/* End PBXVariantGroup section */

/* Begin XCBuildConfiguration section */
		ED6E1C23250615CB00A1C4EB /* Debug */ = {
			isa = XCBuildConfiguration;
			buildSettings = {
				ALWAYS_SEARCH_USER_PATHS = NO;
				CLANG_ANALYZER_NONNULL = YES;
				CLANG_ANALYZER_NUMBER_OBJECT_CONVERSION = YES_AGGRESSIVE;
				CLANG_CXX_LANGUAGE_STANDARD = "gnu++14";
				CLANG_CXX_LIBRARY = "libc++";
				CLANG_ENABLE_MODULES = YES;
				CLANG_ENABLE_OBJC_ARC = YES;
				CLANG_ENABLE_OBJC_WEAK = YES;
				CLANG_WARN_BLOCK_CAPTURE_AUTORELEASING = YES;
				CLANG_WARN_BOOL_CONVERSION = YES;
				CLANG_WARN_COMMA = YES;
				CLANG_WARN_CONSTANT_CONVERSION = YES;
				CLANG_WARN_DEPRECATED_OBJC_IMPLEMENTATIONS = YES;
				CLANG_WARN_DIRECT_OBJC_ISA_USAGE = YES_ERROR;
				CLANG_WARN_DOCUMENTATION_COMMENTS = YES;
				CLANG_WARN_EMPTY_BODY = YES;
				CLANG_WARN_ENUM_CONVERSION = YES;
				CLANG_WARN_INFINITE_RECURSION = YES;
				CLANG_WARN_INT_CONVERSION = YES;
				CLANG_WARN_NON_LITERAL_NULL_CONVERSION = YES;
				CLANG_WARN_OBJC_IMPLICIT_RETAIN_SELF = YES;
				CLANG_WARN_OBJC_LITERAL_CONVERSION = YES;
				CLANG_WARN_OBJC_ROOT_CLASS = YES_ERROR;
				CLANG_WARN_RANGE_LOOP_ANALYSIS = YES;
				CLANG_WARN_STRICT_PROTOTYPES = YES;
				CLANG_WARN_SUSPICIOUS_MOVE = YES;
				CLANG_WARN_UNGUARDED_AVAILABILITY = YES_AGGRESSIVE;
				CLANG_WARN_UNREACHABLE_CODE = YES;
				CLANG_WARN__DUPLICATE_METHOD_MATCH = YES;
				COPY_PHASE_STRIP = NO;
				DEBUG_INFORMATION_FORMAT = dwarf;
				ENABLE_STRICT_OBJC_MSGSEND = YES;
				ENABLE_TESTABILITY = YES;
				GCC_C_LANGUAGE_STANDARD = gnu11;
				GCC_DYNAMIC_NO_PIC = NO;
				GCC_NO_COMMON_BLOCKS = YES;
				GCC_OPTIMIZATION_LEVEL = 0;
				GCC_PREPROCESSOR_DEFINITIONS = (
					"DEBUG=1",
					"$(inherited)",
				);
				GCC_WARN_64_TO_32_BIT_CONVERSION = YES;
				GCC_WARN_ABOUT_RETURN_TYPE = YES_ERROR;
				GCC_WARN_UNDECLARED_SELECTOR = YES;
				GCC_WARN_UNINITIALIZED_AUTOS = YES_AGGRESSIVE;
				GCC_WARN_UNUSED_FUNCTION = YES;
				GCC_WARN_UNUSED_VARIABLE = YES;
				IPHONEOS_DEPLOYMENT_TARGET = 13.6;
				MTL_ENABLE_DEBUG_INFO = INCLUDE_SOURCE;
				MTL_FAST_MATH = YES;
				ONLY_ACTIVE_ARCH = YES;
				SDKROOT = iphoneos;
				SWIFT_ACTIVE_COMPILATION_CONDITIONS = DEBUG;
				SWIFT_OPTIMIZATION_LEVEL = "-Onone";
			};
			name = Debug;
		};
		ED6E1C24250615CB00A1C4EB /* Release */ = {
			isa = XCBuildConfiguration;
			buildSettings = {
				ALWAYS_SEARCH_USER_PATHS = NO;
				CLANG_ANALYZER_NONNULL = YES;
				CLANG_ANALYZER_NUMBER_OBJECT_CONVERSION = YES_AGGRESSIVE;
				CLANG_CXX_LANGUAGE_STANDARD = "gnu++14";
				CLANG_CXX_LIBRARY = "libc++";
				CLANG_ENABLE_MODULES = YES;
				CLANG_ENABLE_OBJC_ARC = YES;
				CLANG_ENABLE_OBJC_WEAK = YES;
				CLANG_WARN_BLOCK_CAPTURE_AUTORELEASING = YES;
				CLANG_WARN_BOOL_CONVERSION = YES;
				CLANG_WARN_COMMA = YES;
				CLANG_WARN_CONSTANT_CONVERSION = YES;
				CLANG_WARN_DEPRECATED_OBJC_IMPLEMENTATIONS = YES;
				CLANG_WARN_DIRECT_OBJC_ISA_USAGE = YES_ERROR;
				CLANG_WARN_DOCUMENTATION_COMMENTS = YES;
				CLANG_WARN_EMPTY_BODY = YES;
				CLANG_WARN_ENUM_CONVERSION = YES;
				CLANG_WARN_INFINITE_RECURSION = YES;
				CLANG_WARN_INT_CONVERSION = YES;
				CLANG_WARN_NON_LITERAL_NULL_CONVERSION = YES;
				CLANG_WARN_OBJC_IMPLICIT_RETAIN_SELF = YES;
				CLANG_WARN_OBJC_LITERAL_CONVERSION = YES;
				CLANG_WARN_OBJC_ROOT_CLASS = YES_ERROR;
				CLANG_WARN_RANGE_LOOP_ANALYSIS = YES;
				CLANG_WARN_STRICT_PROTOTYPES = YES;
				CLANG_WARN_SUSPICIOUS_MOVE = YES;
				CLANG_WARN_UNGUARDED_AVAILABILITY = YES_AGGRESSIVE;
				CLANG_WARN_UNREACHABLE_CODE = YES;
				CLANG_WARN__DUPLICATE_METHOD_MATCH = YES;
				COPY_PHASE_STRIP = NO;
				DEBUG_INFORMATION_FORMAT = "dwarf-with-dsym";
				ENABLE_NS_ASSERTIONS = NO;
				ENABLE_STRICT_OBJC_MSGSEND = YES;
				GCC_C_LANGUAGE_STANDARD = gnu11;
				GCC_NO_COMMON_BLOCKS = YES;
				GCC_WARN_64_TO_32_BIT_CONVERSION = YES;
				GCC_WARN_ABOUT_RETURN_TYPE = YES_ERROR;
				GCC_WARN_UNDECLARED_SELECTOR = YES;
				GCC_WARN_UNINITIALIZED_AUTOS = YES_AGGRESSIVE;
				GCC_WARN_UNUSED_FUNCTION = YES;
				GCC_WARN_UNUSED_VARIABLE = YES;
				IPHONEOS_DEPLOYMENT_TARGET = 13.6;
				MTL_ENABLE_DEBUG_INFO = NO;
				MTL_FAST_MATH = YES;
				SDKROOT = iphoneos;
				SWIFT_COMPILATION_MODE = wholemodule;
				SWIFT_OPTIMIZATION_LEVEL = "-O";
				VALIDATE_PRODUCT = YES;
			};
			name = Release;
		};
		ED6E1C26250615CB00A1C4EB /* Debug */ = {
			isa = XCBuildConfiguration;
			buildSettings = {
				ASSETCATALOG_COMPILER_APPICON_NAME = AppIcon;
				CODE_SIGN_STYLE = Automatic;
				DEVELOPMENT_TEAM = R29M9PZPMH;
				INFOPLIST_FILE = "Flash iOS Chat/Info.plist";
				LD_RUNPATH_SEARCH_PATHS = (
					"$(inherited)",
					"@executable_path/Frameworks",
				);
				PRODUCT_BUNDLE_IDENTIFIER = "com.diana.Flash-iOS-Chat";
				PRODUCT_NAME = "$(TARGET_NAME)";
				SWIFT_VERSION = 5.0;
				TARGETED_DEVICE_FAMILY = "1,2";
			};
			name = Debug;
		};
		ED6E1C27250615CB00A1C4EB /* Release */ = {
			isa = XCBuildConfiguration;
			buildSettings = {
				ASSETCATALOG_COMPILER_APPICON_NAME = AppIcon;
				CODE_SIGN_STYLE = Automatic;
				DEVELOPMENT_TEAM = R29M9PZPMH;
				INFOPLIST_FILE = "Flash iOS Chat/Info.plist";
				LD_RUNPATH_SEARCH_PATHS = (
					"$(inherited)",
					"@executable_path/Frameworks",
				);
				PRODUCT_BUNDLE_IDENTIFIER = "com.diana.Flash-iOS-Chat";
				PRODUCT_NAME = "$(TARGET_NAME)";
				SWIFT_VERSION = 5.0;
				TARGETED_DEVICE_FAMILY = "1,2";
			};
			name = Release;
		};
/* End XCBuildConfiguration section */

/* Begin XCConfigurationList section */
		ED6E1C0C250615C700A1C4EB /* Build configuration list for PBXProject "Flash iOS Chat" */ = {
			isa = XCConfigurationList;
			buildConfigurations = (
				ED6E1C23250615CB00A1C4EB /* Debug */,
				ED6E1C24250615CB00A1C4EB /* Release */,
			);
			defaultConfigurationIsVisible = 0;
			defaultConfigurationName = Release;
		};
		ED6E1C25250615CB00A1C4EB /* Build configuration list for PBXNativeTarget "Flash iOS Chat" */ = {
			isa = XCConfigurationList;
			buildConfigurations = (
				ED6E1C26250615CB00A1C4EB /* Debug */,
				ED6E1C27250615CB00A1C4EB /* Release */,
			);
			defaultConfigurationIsVisible = 0;
			defaultConfigurationName = Release;
		};
/* End XCConfigurationList section */
	};
	rootObject = ED6E1C09250615C700A1C4EB /* Project object */;
}
